
Microsoft Visual Studio Solution File, Format Version 12.00
# Visual Studio 14
VisualStudioVersion = 14.0.24720.0
MinimumVisualStudioVersion = 10.0.40219.1
Project("{8BC9CEB8-8B4A-11D0-8D11-00A0C91BC942}") = "VKraft", "VKraft\VKraft.vcxproj", "{3C5C075B-AF39-4A53-BA14-1C20259E2F2E}"
EndProject
Project("{2150E333-8FDC-42A3-9474-1A3956D46DE8}") = "Solution Items", "Solution Items", "{2CAA3724-93F8-4A3D-A6A8-11E9BFC2C479}"
	ProjectSection(SolutionItems) = preProject
		Performance1.psess = Performance1.psess
	EndProjectSection
EndProject
Global
	GlobalSection(Performance) = preSolution
		HasPerformanceSessions = true
	EndGlobalSection
	GlobalSection(SolutionConfigurationPlatforms) = preSolution
		Debug|x64 = Debug|x64
		Debug|x86 = Debug|x86
		Release|x64 = Release|x64
		Release|x86 = Release|x86
	EndGlobalSection
	GlobalSection(ProjectConfigurationPlatforms) = postSolution
		{3C5C075B-AF39-4A53-BA14-1C20259E2F2E}.Debug|x64.ActiveCfg = Debug|x64
		{3C5C075B-AF39-4A53-BA14-1C20259E2F2E}.Debug|x64.Build.0 = Debug|x64
		{3C5C075B-AF39-4A53-BA14-1C20259E2F2E}.Debug|x86.ActiveCfg = Debug|Win32
		{3C5C075B-AF39-4A53-BA14-1C20259E2F2E}.Debug|x86.Build.0 = Debug|Win32
		{3C5C075B-AF39-4A53-BA14-1C20259E2F2E}.Release|x64.ActiveCfg = Release|x64
		{3C5C075B-AF39-4A53-BA14-1C20259E2F2E}.Release|x64.Build.0 = Release|x64
		{3C5C075B-AF39-4A53-BA14-1C20259E2F2E}.Release|x86.ActiveCfg = Release|Win32
		{3C5C075B-AF39-4A53-BA14-1C20259E2F2E}.Release|x86.Build.0 = Release|Win32
	EndGlobalSection
	GlobalSection(SolutionProperties) = preSolution
		HideSolutionNode = FALSE
	EndGlobalSection
EndGlobal
